// !$*UTF8*$!
{
	archiveVersion = 1;
	classes = {
	};
	objectVersion = 77;
	objects = {

/* Begin PBXContainerItemProxy section */
		E2DB09392D4DC26800CC33B3 /* PBXContainerItemProxy */ = {
			isa = PBXContainerItemProxy;
			containerPortal = E2DB09202D4DC26700CC33B3 /* Project object */;
			proxyType = 1;
			remoteGlobalIDString = E2DB09272D4DC26700CC33B3;
			remoteInfo = "Tempedia-iOS";
		};
		E2DB09432D4DC26800CC33B3 /* PBXContainerItemProxy */ = {
			isa = PBXContainerItemProxy;
			containerPortal = E2DB09202D4DC26700CC33B3 /* Project object */;
			proxyType = 1;
			remoteGlobalIDString = E2DB09272D4DC26700CC33B3;
			remoteInfo = "Tempedia-iOS";
		};
/* End PBXContainerItemProxy section */

/* Begin PBXFileReference section */
		E2DB09282D4DC26700CC33B3 /* Tempedia-iOS.app */ = {isa = PBXFileReference; explicitFileType = wrapper.application; includeInIndex = 0; path = "Tempedia-iOS.app"; sourceTree = BUILT_PRODUCTS_DIR; };
		E2DB09382D4DC26800CC33B3 /* Tempedia-iOSTests.xctest */ = {isa = PBXFileReference; explicitFileType = wrapper.cfbundle; includeInIndex = 0; path = "Tempedia-iOSTests.xctest"; sourceTree = BUILT_PRODUCTS_DIR; };
		E2DB09422D4DC26800CC33B3 /* Tempedia-iOSUITests.xctest */ = {isa = PBXFileReference; explicitFileType = wrapper.cfbundle; includeInIndex = 0; path = "Tempedia-iOSUITests.xctest"; sourceTree = BUILT_PRODUCTS_DIR; };
/* End PBXFileReference section */

/* Begin PBXFileSystemSynchronizedRootGroup section */
		E2DB092A2D4DC26700CC33B3 /* Tempedia-iOS */ = {
			isa = PBXFileSystemSynchronizedRootGroup;
			path = "Tempedia-iOS";
			sourceTree = "<group>";
		};
		E2DB093B2D4DC26800CC33B3 /* Tempedia-iOSTests */ = {
			isa = PBXFileSystemSynchronizedRootGroup;
			path = "Tempedia-iOSTests";
			sourceTree = "<group>";
		};
		E2DB09452D4DC26800CC33B3 /* Tempedia-iOSUITests */ = {
			isa = PBXFileSystemSynchronizedRootGroup;
			path = "Tempedia-iOSUITests";
			sourceTree = "<group>";
		};
/* End PBXFileSystemSynchronizedRootGroup section */

/* Begin PBXFrameworksBuildPhase section */
		E2DB09252D4DC26700CC33B3 /* Frameworks */ = {
			isa = PBXFrameworksBuildPhase;
			buildActionMask = 2147483647;
			files = (
			);
			runOnlyForDeploymentPostprocessing = 0;
		};
		E2DB09352D4DC26800CC33B3 /* Frameworks */ = {
			isa = PBXFrameworksBuildPhase;
			buildActionMask = 2147483647;
			files = (
			);
			runOnlyForDeploymentPostprocessing = 0;
		};
		E2DB093F2D4DC26800CC33B3 /* Frameworks */ = {
			isa = PBXFrameworksBuildPhase;
			buildActionMask = 2147483647;
			files = (
			);
			runOnlyForDeploymentPostprocessing = 0;
		};
/* End PBXFrameworksBuildPhase section */

/* Begin PBXGroup section */
		E2DB091F2D4DC26700CC33B3 = {
			isa = PBXGroup;
			children = (
				E2DB092A2D4DC26700CC33B3 /* Tempedia-iOS */,
				E2DB093B2D4DC26800CC33B3 /* Tempedia-iOSTests */,
				E2DB09452D4DC26800CC33B3 /* Tempedia-iOSUITests */,
				E2DB09292D4DC26700CC33B3 /* Products */,
			);
			sourceTree = "<group>";
		};
		E2DB09292D4DC26700CC33B3 /* Products */ = {
			isa = PBXGroup;
			children = (
				E2DB09282D4DC26700CC33B3 /* Tempedia-iOS.app */,
				E2DB09382D4DC26800CC33B3 /* Tempedia-iOSTests.xctest */,
				E2DB09422D4DC26800CC33B3 /* Tempedia-iOSUITests.xctest */,
			);
			name = Products;
			sourceTree = "<group>";
		};
/* End PBXGroup section */

/* Begin PBXNativeTarget section */
		E2DB09272D4DC26700CC33B3 /* Tempedia-iOS */ = {
			isa = PBXNativeTarget;
			buildConfigurationList = E2DB094C2D4DC26800CC33B3 /* Build configuration list for PBXNativeTarget "Tempedia-iOS" */;
			buildPhases = (
				E2DB09242D4DC26700CC33B3 /* Sources */,
				E2DB09252D4DC26700CC33B3 /* Frameworks */,
				E2DB09262D4DC26700CC33B3 /* Resources */,
			);
			buildRules = (
			);
			dependencies = (
			);
			fileSystemSynchronizedGroups = (
				E2DB092A2D4DC26700CC33B3 /* Tempedia-iOS */,
			);
			name = "Tempedia-iOS";
			packageProductDependencies = (
			);
			productName = "Tempedia-iOS";
			productReference = E2DB09282D4DC26700CC33B3 /* Tempedia-iOS.app */;
			productType = "com.apple.product-type.application";
		};
		E2DB09372D4DC26800CC33B3 /* Tempedia-iOSTests */ = {
			isa = PBXNativeTarget;
			buildConfigurationList = E2DB094F2D4DC26800CC33B3 /* Build configuration list for PBXNativeTarget "Tempedia-iOSTests" */;
			buildPhases = (
				E2DB09342D4DC26800CC33B3 /* Sources */,
				E2DB09352D4DC26800CC33B3 /* Frameworks */,
				E2DB09362D4DC26800CC33B3 /* Resources */,
			);
			buildRules = (
			);
			dependencies = (
				E2DB093A2D4DC26800CC33B3 /* PBXTargetDependency */,
			);
			fileSystemSynchronizedGroups = (
				E2DB093B2D4DC26800CC33B3 /* Tempedia-iOSTests */,
			);
			name = "Tempedia-iOSTests";
			packageProductDependencies = (
			);
			productName = "Tempedia-iOSTests";
			productReference = E2DB09382D4DC26800CC33B3 /* Tempedia-iOSTests.xctest */;
			productType = "com.apple.product-type.bundle.unit-test";
		};
		E2DB09412D4DC26800CC33B3 /* Tempedia-iOSUITests */ = {
			isa = PBXNativeTarget;
			buildConfigurationList = E2DB09522D4DC26800CC33B3 /* Build configuration list for PBXNativeTarget "Tempedia-iOSUITests" */;
			buildPhases = (
				E2DB093E2D4DC26800CC33B3 /* Sources */,
				E2DB093F2D4DC26800CC33B3 /* Frameworks */,
				E2DB09402D4DC26800CC33B3 /* Resources */,
			);
			buildRules = (
			);
			dependencies = (
				E2DB09442D4DC26800CC33B3 /* PBXTargetDependency */,
			);
			fileSystemSynchronizedGroups = (
				E2DB09452D4DC26800CC33B3 /* Tempedia-iOSUITests */,
			);
			name = "Tempedia-iOSUITests";
			packageProductDependencies = (
			);
			productName = "Tempedia-iOSUITests";
			productReference = E2DB09422D4DC26800CC33B3 /* Tempedia-iOSUITests.xctest */;
			productType = "com.apple.product-type.bundle.ui-testing";
		};
/* End PBXNativeTarget section */

/* Begin PBXProject section */
		E2DB09202D4DC26700CC33B3 /* Project object */ = {
			isa = PBXProject;
			attributes = {
				BuildIndependentTargetsInParallel = 1;
				LastSwiftUpdateCheck = 1620;
				LastUpgradeCheck = 1620;
				TargetAttributes = {
					E2DB09272D4DC26700CC33B3 = {
						CreatedOnToolsVersion = 16.2;
					};
					E2DB09372D4DC26800CC33B3 = {
						CreatedOnToolsVersion = 16.2;
						TestTargetID = E2DB09272D4DC26700CC33B3;
					};
					E2DB09412D4DC26800CC33B3 = {
						CreatedOnToolsVersion = 16.2;
						TestTargetID = E2DB09272D4DC26700CC33B3;
					};
				};
			};
			buildConfigurationList = E2DB09232D4DC26700CC33B3 /* Build configuration list for PBXProject "Tempedia-iOS" */;
			developmentRegion = en;
			hasScannedForEncodings = 0;
			knownRegions = (
				en,
				Base,
			);
			mainGroup = E2DB091F2D4DC26700CC33B3;
			minimizedProjectReferenceProxies = 1;
			preferredProjectObjectVersion = 77;
			productRefGroup = E2DB09292D4DC26700CC33B3 /* Products */;
			projectDirPath = "";
			projectRoot = "";
			targets = (
				E2DB09272D4DC26700CC33B3 /* Tempedia-iOS */,
				E2DB09372D4DC26800CC33B3 /* Tempedia-iOSTests */,
				E2DB09412D4DC26800CC33B3 /* Tempedia-iOSUITests */,
			);
		};
/* End PBXProject section */

/* Begin PBXResourcesBuildPhase section */
		E2DB09262D4DC26700CC33B3 /* Resources */ = {
			isa = PBXResourcesBuildPhase;
			buildActionMask = 2147483647;
			files = (
			);
			runOnlyForDeploymentPostprocessing = 0;
		};
		E2DB09362D4DC26800CC33B3 /* Resources */ = {
			isa = PBXResourcesBuildPhase;
			buildActionMask = 2147483647;
			files = (
			);
			runOnlyForDeploymentPostprocessing = 0;
		};
		E2DB09402D4DC26800CC33B3 /* Resources */ = {
			isa = PBXResourcesBuildPhase;
			buildActionMask = 2147483647;
			files = (
			);
			runOnlyForDeploymentPostprocessing = 0;
		};
/* End PBXResourcesBuildPhase section */

/* Begin PBXSourcesBuildPhase section */
		E2DB09242D4DC26700CC33B3 /* Sources */ = {
			isa = PBXSourcesBuildPhase;
			buildActionMask = 2147483647;
			files = (
			);
			runOnlyForDeploymentPostprocessing = 0;
		};
		E2DB09342D4DC26800CC33B3 /* Sources */ = {
			isa = PBXSourcesBuildPhase;
			buildActionMask = 2147483647;
			files = (
			);
			runOnlyForDeploymentPostprocessing = 0;
		};
		E2DB093E2D4DC26800CC33B3 /* Sources */ = {
			isa = PBXSourcesBuildPhase;
			buildActionMask = 2147483647;
			files = (
			);
			runOnlyForDeploymentPostprocessing = 0;
		};
/* End PBXSourcesBuildPhase section */

/* Begin PBXTargetDependency section */
		E2DB093A2D4DC26800CC33B3 /* PBXTargetDependency */ = {
			isa = PBXTargetDependency;
			target = E2DB09272D4DC26700CC33B3 /* Tempedia-iOS */;
			targetProxy = E2DB09392D4DC26800CC33B3 /* PBXContainerItemProxy */;
		};
		E2DB09442D4DC26800CC33B3 /* PBXTargetDependency */ = {
			isa = PBXTargetDependency;
			target = E2DB09272D4DC26700CC33B3 /* Tempedia-iOS */;
			targetProxy = E2DB09432D4DC26800CC33B3 /* PBXContainerItemProxy */;
		};
/* End PBXTargetDependency section */

/* Begin XCBuildConfiguration section */
		E2DB094A2D4DC26800CC33B3 /* Debug */ = {
			isa = XCBuildConfiguration;
			buildSettings = {
				ALWAYS_SEARCH_USER_PATHS = NO;
				ASSETCATALOG_COMPILER_GENERATE_SWIFT_ASSET_SYMBOL_EXTENSIONS = YES;
				CLANG_ANALYZER_NONNULL = YES;
				CLANG_ANALYZER_NUMBER_OBJECT_CONVERSION = YES_AGGRESSIVE;
				CLANG_CXX_LANGUAGE_STANDARD = "gnu++20";
				CLANG_ENABLE_MODULES = YES;
				CLANG_ENABLE_OBJC_ARC = YES;
				CLANG_ENABLE_OBJC_WEAK = YES;
				CLANG_WARN_BLOCK_CAPTURE_AUTORELEASING = YES;
				CLANG_WARN_BOOL_CONVERSION = YES;
				CLANG_WARN_COMMA = YES;
				CLANG_WARN_CONSTANT_CONVERSION = YES;
				CLANG_WARN_DEPRECATED_OBJC_IMPLEMENTATIONS = YES;
				CLANG_WARN_DIRECT_OBJC_ISA_USAGE = YES_ERROR;
				CLANG_WARN_DOCUMENTATION_COMMENTS = YES;
				CLANG_WARN_EMPTY_BODY = YES;
				CLANG_WARN_ENUM_CONVERSION = YES;
				CLANG_WARN_INFINITE_RECURSION = YES;
				CLANG_WARN_INT_CONVERSION = YES;
				CLANG_WARN_NON_LITERAL_NULL_CONVERSION = YES;
				CLANG_WARN_OBJC_IMPLICIT_RETAIN_SELF = YES;
				CLANG_WARN_OBJC_LITERAL_CONVERSION = YES;
				CLANG_WARN_OBJC_ROOT_CLASS = YES_ERROR;
				CLANG_WARN_QUOTED_INCLUDE_IN_FRAMEWORK_HEADER = YES;
				CLANG_WARN_RANGE_LOOP_ANALYSIS = YES;
				CLANG_WARN_STRICT_PROTOTYPES = YES;
				CLANG_WARN_SUSPICIOUS_MOVE = YES;
				CLANG_WARN_UNGUARDED_AVAILABILITY = YES_AGGRESSIVE;
				CLANG_WARN_UNREACHABLE_CODE = YES;
				CLANG_WARN__DUPLICATE_METHOD_MATCH = YES;
				COPY_PHASE_STRIP = NO;
				DEBUG_INFORMATION_FORMAT = dwarf;
				ENABLE_STRICT_OBJC_MSGSEND = YES;
				ENABLE_TESTABILITY = YES;
				ENABLE_USER_SCRIPT_SANDBOXING = YES;
				GCC_C_LANGUAGE_STANDARD = gnu17;
				GCC_DYNAMIC_NO_PIC = NO;
				GCC_NO_COMMON_BLOCKS = YES;
				GCC_OPTIMIZATION_LEVEL = 0;
				GCC_PREPROCESSOR_DEFINITIONS = (
					"DEBUG=1",
					"$(inherited)",
				);
				GCC_WARN_64_TO_32_BIT_CONVERSION = YES;
				GCC_WARN_ABOUT_RETURN_TYPE = YES_ERROR;
				GCC_WARN_UNDECLARED_SELECTOR = YES;
				GCC_WARN_UNINITIALIZED_AUTOS = YES_AGGRESSIVE;
				GCC_WARN_UNUSED_FUNCTION = YES;
				GCC_WARN_UNUSED_VARIABLE = YES;
				IPHONEOS_DEPLOYMENT_TARGET = 18.2;
				LOCALIZATION_PREFERS_STRING_CATALOGS = YES;
				MTL_ENABLE_DEBUG_INFO = INCLUDE_SOURCE;
				MTL_FAST_MATH = YES;
				ONLY_ACTIVE_ARCH = YES;
				SDKROOT = iphoneos;
				SWIFT_ACTIVE_COMPILATION_CONDITIONS = "DEBUG $(inherited)";
				SWIFT_OPTIMIZATION_LEVEL = "-Onone";
			};
			name = Debug;
		};
		E2DB094B2D4DC26800CC33B3 /* Release */ = {
			isa = XCBuildConfiguration;
			buildSettings = {
				ALWAYS_SEARCH_USER_PATHS = NO;
				ASSETCATALOG_COMPILER_GENERATE_SWIFT_ASSET_SYMBOL_EXTENSIONS = YES;
				CLANG_ANALYZER_NONNULL = YES;
				CLANG_ANALYZER_NUMBER_OBJECT_CONVERSION = YES_AGGRESSIVE;
				CLANG_CXX_LANGUAGE_STANDARD = "gnu++20";
				CLANG_ENABLE_MODULES = YES;
				CLANG_ENABLE_OBJC_ARC = YES;
				CLANG_ENABLE_OBJC_WEAK = YES;
				CLANG_WARN_BLOCK_CAPTURE_AUTORELEASING = YES;
				CLANG_WARN_BOOL_CONVERSION = YES;
				CLANG_WARN_COMMA = YES;
				CLANG_WARN_CONSTANT_CONVERSION = YES;
				CLANG_WARN_DEPRECATED_OBJC_IMPLEMENTATIONS = YES;
				CLANG_WARN_DIRECT_OBJC_ISA_USAGE = YES_ERROR;
				CLANG_WARN_DOCUMENTATION_COMMENTS = YES;
				CLANG_WARN_EMPTY_BODY = YES;
				CLANG_WARN_ENUM_CONVERSION = YES;
				CLANG_WARN_INFINITE_RECURSION = YES;
				CLANG_WARN_INT_CONVERSION = YES;
				CLANG_WARN_NON_LITERAL_NULL_CONVERSION = YES;
				CLANG_WARN_OBJC_IMPLICIT_RETAIN_SELF = YES;
				CLANG_WARN_OBJC_LITERAL_CONVERSION = YES;
				CLANG_WARN_OBJC_ROOT_CLASS = YES_ERROR;
				CLANG_WARN_QUOTED_INCLUDE_IN_FRAMEWORK_HEADER = YES;
				CLANG_WARN_RANGE_LOOP_ANALYSIS = YES;
				CLANG_WARN_STRICT_PROTOTYPES = YES;
				CLANG_WARN_SUSPICIOUS_MOVE = YES;
				CLANG_WARN_UNGUARDED_AVAILABILITY = YES_AGGRESSIVE;
				CLANG_WARN_UNREACHABLE_CODE = YES;
				CLANG_WARN__DUPLICATE_METHOD_MATCH = YES;
				COPY_PHASE_STRIP = NO;
				DEBUG_INFORMATION_FORMAT = "dwarf-with-dsym";
				ENABLE_NS_ASSERTIONS = NO;
				ENABLE_STRICT_OBJC_MSGSEND = YES;
				ENABLE_USER_SCRIPT_SANDBOXING = YES;
				GCC_C_LANGUAGE_STANDARD = gnu17;
				GCC_NO_COMMON_BLOCKS = YES;
				GCC_WARN_64_TO_32_BIT_CONVERSION = YES;
				GCC_WARN_ABOUT_RETURN_TYPE = YES_ERROR;
				GCC_WARN_UNDECLARED_SELECTOR = YES;
				GCC_WARN_UNINITIALIZED_AUTOS = YES_AGGRESSIVE;
				GCC_WARN_UNUSED_FUNCTION = YES;
				GCC_WARN_UNUSED_VARIABLE = YES;
				IPHONEOS_DEPLOYMENT_TARGET = 18.2;
				LOCALIZATION_PREFERS_STRING_CATALOGS = YES;
				MTL_ENABLE_DEBUG_INFO = NO;
				MTL_FAST_MATH = YES;
				SDKROOT = iphoneos;
				SWIFT_COMPILATION_MODE = wholemodule;
				VALIDATE_PRODUCT = YES;
			};
			name = Release;
		};
		E2DB094D2D4DC26800CC33B3 /* Debug */ = {
			isa = XCBuildConfiguration;
			buildSettings = {
				ASSETCATALOG_COMPILER_APPICON_NAME = AppIcon;
				ASSETCATALOG_COMPILER_GLOBAL_ACCENT_COLOR_NAME = AccentColor;
				CODE_SIGN_STYLE = Automatic;
				CURRENT_PROJECT_VERSION = 1;
				DEVELOPMENT_ASSET_PATHS = "\"Tempedia-iOS/Preview Content\"";
				DEVELOPMENT_TEAM = 6M4DL6234G;
				ENABLE_PREVIEWS = YES;
				GENERATE_INFOPLIST_FILE = YES;
				INFOPLIST_KEY_UIApplicationSceneManifest_Generation = YES;
				INFOPLIST_KEY_UIApplicationSupportsIndirectInputEvents = YES;
				INFOPLIST_KEY_UILaunchScreen_Generation = YES;
				INFOPLIST_KEY_UISupportedInterfaceOrientations_iPad = "UIInterfaceOrientationPortrait UIInterfaceOrientationPortraitUpsideDown UIInterfaceOrientationLandscapeLeft UIInterfaceOrientationLandscapeRight";
				INFOPLIST_KEY_UISupportedInterfaceOrientations_iPhone = "UIInterfaceOrientationPortrait UIInterfaceOrientationLandscapeLeft UIInterfaceOrientationLandscapeRight";
				LD_RUNPATH_SEARCH_PATHS = (
					"$(inherited)",
					"@executable_path/Frameworks",
				);
				MARKETING_VERSION = 1.0;
				PRODUCT_BUNDLE_IDENTIFIER = "com.ldelaiglesia.Tempedia-iOS";
				PRODUCT_NAME = "$(TARGET_NAME)";
				SWIFT_EMIT_LOC_STRINGS = YES;
				SWIFT_VERSION = 5.0;
				TARGETED_DEVICE_FAMILY = "1,2";
			};
			name = Debug;
		};
		E2DB094E2D4DC26800CC33B3 /* Release */ = {
			isa = XCBuildConfiguration;
			buildSettings = {
				ASSETCATALOG_COMPILER_APPICON_NAME = AppIcon;
				ASSETCATALOG_COMPILER_GLOBAL_ACCENT_COLOR_NAME = AccentColor;
				CODE_SIGN_STYLE = Automatic;
				CURRENT_PROJECT_VERSION = 1;
				DEVELOPMENT_ASSET_PATHS = "\"Tempedia-iOS/Preview Content\"";
				DEVELOPMENT_TEAM = 6M4DL6234G;
				ENABLE_PREVIEWS = YES;
				GENERATE_INFOPLIST_FILE = YES;
				INFOPLIST_KEY_UIApplicationSceneManifest_Generation = YES;
				INFOPLIST_KEY_UIApplicationSupportsIndirectInputEvents = YES;
				INFOPLIST_KEY_UILaunchScreen_Generation = YES;
				INFOPLIST_KEY_UISupportedInterfaceOrientations_iPad = "UIInterfaceOrientationPortrait UIInterfaceOrientationPortraitUpsideDown UIInterfaceOrientationLandscapeLeft UIInterfaceOrientationLandscapeRight";
				INFOPLIST_KEY_UISupportedInterfaceOrientations_iPhone = "UIInterfaceOrientationPortrait UIInterfaceOrientationLandscapeLeft UIInterfaceOrientationLandscapeRight";
				LD_RUNPATH_SEARCH_PATHS = (
					"$(inherited)",
					"@executable_path/Frameworks",
				);
				MARKETING_VERSION = 1.0;
				PRODUCT_BUNDLE_IDENTIFIER = "com.ldelaiglesia.Tempedia-iOS";
				PRODUCT_NAME = "$(TARGET_NAME)";
				SWIFT_EMIT_LOC_STRINGS = YES;
				SWIFT_VERSION = 5.0;
				TARGETED_DEVICE_FAMILY = "1,2";
			};
			name = Release;
		};
		E2DB09502D4DC26800CC33B3 /* Debug */ = {
			isa = XCBuildConfiguration;
			buildSettings = {
				BUNDLE_LOADER = "$(TEST_HOST)";
				CODE_SIGN_STYLE = Automatic;
				CURRENT_PROJECT_VERSION = 1;
				DEVELOPMENT_TEAM = 6M4DL6234G;
				GENERATE_INFOPLIST_FILE = YES;
				IPHONEOS_DEPLOYMENT_TARGET = 18.2;
				MARKETING_VERSION = 1.0;
				PRODUCT_BUNDLE_IDENTIFIER = "com.ldelaiglesia.Tempedia-iOSTests";
				PRODUCT_NAME = "$(TARGET_NAME)";
				SWIFT_EMIT_LOC_STRINGS = NO;
				SWIFT_VERSION = 5.0;
				TARGETED_DEVICE_FAMILY = "1,2";
				TEST_HOST = "$(BUILT_PRODUCTS_DIR)/Tempedia-iOS.app/$(BUNDLE_EXECUTABLE_FOLDER_PATH)/Tempedia-iOS";
			};
			name = Debug;
		};
		E2DB09512D4DC26800CC33B3 /* Release */ = {
			isa = XCBuildConfiguration;
			buildSettings = {
				BUNDLE_LOADER = "$(TEST_HOST)";
				CODE_SIGN_STYLE = Automatic;
				CURRENT_PROJECT_VERSION = 1;
				DEVELOPMENT_TEAM = 6M4DL6234G;
				GENERATE_INFOPLIST_FILE = YES;
				IPHONEOS_DEPLOYMENT_TARGET = 18.2;
				MARKETING_VERSION = 1.0;
				PRODUCT_BUNDLE_IDENTIFIER = "com.ldelaiglesia.Tempedia-iOSTests";
				PRODUCT_NAME = "$(TARGET_NAME)";
				SWIFT_EMIT_LOC_STRINGS = NO;
				SWIFT_VERSION = 5.0;
				TARGETED_DEVICE_FAMILY = "1,2";
				TEST_HOST = "$(BUILT_PRODUCTS_DIR)/Tempedia-iOS.app/$(BUNDLE_EXECUTABLE_FOLDER_PATH)/Tempedia-iOS";
			};
			name = Release;
		};
		E2DB09532D4DC26800CC33B3 /* Debug */ = {
			isa = XCBuildConfiguration;
			buildSettings = {
				CODE_SIGN_STYLE = Automatic;
				CURRENT_PROJECT_VERSION = 1;
				DEVELOPMENT_TEAM = 6M4DL6234G;
				GENERATE_INFOPLIST_FILE = YES;
				MARKETING_VERSION = 1.0;
				PRODUCT_BUNDLE_IDENTIFIER = "com.ldelaiglesia.Tempedia-iOSUITests";
				PRODUCT_NAME = "$(TARGET_NAME)";
				SWIFT_EMIT_LOC_STRINGS = NO;
				SWIFT_VERSION = 5.0;
				TARGETED_DEVICE_FAMILY = "1,2";
				TEST_TARGET_NAME = "Tempedia-iOS";
			};
			name = Debug;
		};
		E2DB09542D4DC26800CC33B3 /* Release */ = {
			isa = XCBuildConfiguration;
			buildSettings = {
				CODE_SIGN_STYLE = Automatic;
				CURRENT_PROJECT_VERSION = 1;
				DEVELOPMENT_TEAM = 6M4DL6234G;
				GENERATE_INFOPLIST_FILE = YES;
				MARKETING_VERSION = 1.0;
				PRODUCT_BUNDLE_IDENTIFIER = "com.ldelaiglesia.Tempedia-iOSUITests";
				PRODUCT_NAME = "$(TARGET_NAME)";
				SWIFT_EMIT_LOC_STRINGS = NO;
				SWIFT_VERSION = 5.0;
				TARGETED_DEVICE_FAMILY = "1,2";
				TEST_TARGET_NAME = "Tempedia-iOS";
			};
			name = Release;
		};
/* End XCBuildConfiguration section */

/* Begin XCConfigurationList section */
		E2DB09232D4DC26700CC33B3 /* Build configuration list for PBXProject "Tempedia-iOS" */ = {
			isa = XCConfigurationList;
			buildConfigurations = (
				E2DB094A2D4DC26800CC33B3 /* Debug */,
				E2DB094B2D4DC26800CC33B3 /* Release */,
			);
			defaultConfigurationIsVisible = 0;
			defaultConfigurationName = Release;
		};
		E2DB094C2D4DC26800CC33B3 /* Build configuration list for PBXNativeTarget "Tempedia-iOS" */ = {
			isa = XCConfigurationList;
			buildConfigurations = (
				E2DB094D2D4DC26800CC33B3 /* Debug */,
				E2DB094E2D4DC26800CC33B3 /* Release */,
			);
			defaultConfigurationIsVisible = 0;
			defaultConfigurationName = Release;
		};
		E2DB094F2D4DC26800CC33B3 /* Build configuration list for PBXNativeTarget "Tempedia-iOSTests" */ = {
			isa = XCConfigurationList;
			buildConfigurations = (
				E2DB09502D4DC26800CC33B3 /* Debug */,
				E2DB09512D4DC26800CC33B3 /* Release */,
			);
			defaultConfigurationIsVisible = 0;
			defaultConfigurationName = Release;
		};
		E2DB09522D4DC26800CC33B3 /* Build configuration list for PBXNativeTarget "Tempedia-iOSUITests" */ = {
			isa = XCConfigurationList;
			buildConfigurations = (
				E2DB09532D4DC26800CC33B3 /* Debug */,
				E2DB09542D4DC26800CC33B3 /* Release */,
			);
			defaultConfigurationIsVisible = 0;
			defaultConfigurationName = Release;
		};
/* End XCConfigurationList section */
	};
	rootObject = E2DB09202D4DC26700CC33B3 /* Project object */;
}
